
Microsoft Visual Studio Solution File, Format Version 12.00
# Visual Studio Version 16
VisualStudioVersion = 16.0.29306.81
MinimumVisualStudioVersion = 10.0.40219.1
Project("{FAE04EC0-301F-11D3-BF4B-00C04F79EFBC}") = "HRSockMerchant", "HRSockMerchant\HRSockMerchant.csproj", "{549900E0-BD82-4F45-9136-AB1F61AAD6C2}"
EndProject
Project("{FAE04EC0-301F-11D3-BF4B-00C04F79EFBC}") = "HRCode", "HRCode\HRCode.csproj", "{F2900D7E-7A0F-411A-B1B3-582E4A8F467F}"
EndProject
Global
	GlobalSection(SolutionConfigurationPlatforms) = preSolution
		Debug|Any CPU = Debug|Any CPU
		Release|Any CPU = Release|Any CPU
	EndGlobalSection
	GlobalSection(ProjectConfigurationPlatforms) = postSolution
		{549900E0-BD82-4F45-9136-AB1F61AAD6C2}.Debug|Any CPU.ActiveCfg = Debug|Any CPU
		{549900E0-BD82-4F45-9136-AB1F61AAD6C2}.Debug|Any CPU.Build.0 = Debug|Any CPU
		{549900E0-BD82-4F45-9136-AB1F61AAD6C2}.Release|Any CPU.ActiveCfg = Release|Any CPU
		{549900E0-BD82-4F45-9136-AB1F61AAD6C2}.Release|Any CPU.Build.0 = Release|Any CPU
		{F2900D7E-7A0F-411A-B1B3-582E4A8F467F}.Debug|Any CPU.ActiveCfg = Debug|Any CPU
		{F2900D7E-7A0F-411A-B1B3-582E4A8F467F}.Debug|Any CPU.Build.0 = Debug|Any CPU
		{F2900D7E-7A0F-411A-B1B3-582E4A8F467F}.Release|Any CPU.ActiveCfg = Release|Any CPU
		{F2900D7E-7A0F-411A-B1B3-582E4A8F467F}.Release|Any CPU.Build.0 = Release|Any CPU
	EndGlobalSection
	GlobalSection(SolutionProperties) = preSolution
		HideSolutionNode = FALSE
	EndGlobalSection
	GlobalSection(ExtensibilityGlobals) = postSolution
		SolutionGuid = {693D506A-345D-4F10-ADB6-200C3F7AF827}
	EndGlobalSection
EndGlobal
